
Microsoft Visual Studio Solution File, Format Version 12.00
# Visual Studio 14
VisualStudioVersion = 14.0.23107.0
MinimumVisualStudioVersion = 10.0.40219.1
Project("{FAE04EC0-301F-11D3-BF4B-00C04F79EFBC}") = "MandelbrotAzureWebJob", "MandelbrotAzureWebJob\MandelbrotAzureWebJob.csproj", "{A91A821A-0BDE-4D9D-8C5A-E19F80E80260}"
EndProject
Project("{FAE04EC0-301F-11D3-BF4B-00C04F79EFBC}") = "UnitTests", "UnitTests\UnitTests.csproj", "{A14A06CB-D326-450C-AF55-65F4100EBC6C}"
EndProject
Project("{FAE04EC0-301F-11D3-BF4B-00C04F79EFBC}") = "MandelbrotAzureTrigger", "MandelbrotAzureTrigger\MandelbrotAzureTrigger.csproj", "{35474B8C-9A10-489E-B995-00A8E2952A53}"
EndProject
Project("{FAE04EC0-301F-11D3-BF4B-00C04F79EFBC}") = "MandelbrotAzure.Common", "MandelbrotAzure.Common\MandelbrotAzure.Common.csproj", "{061AE098-0C6B-48AD-BFED-DFD28BE4EB54}"
EndProject
Project("{FAE04EC0-301F-11D3-BF4B-00C04F79EFBC}") = "EmptyWebApp", "EmptyWebApp\EmptyWebApp.csproj", "{11FA0EAE-2CD5-45A3-B9FC-C318D5403C81}"
EndProject
Global
	GlobalSection(SolutionConfigurationPlatforms) = preSolution
		Debug|Any CPU = Debug|Any CPU
		Release|Any CPU = Release|Any CPU
	EndGlobalSection
	GlobalSection(ProjectConfigurationPlatforms) = postSolution
		{A91A821A-0BDE-4D9D-8C5A-E19F80E80260}.Debug|Any CPU.ActiveCfg = Debug|Any CPU
		{A91A821A-0BDE-4D9D-8C5A-E19F80E80260}.Debug|Any CPU.Build.0 = Debug|Any CPU
		{A91A821A-0BDE-4D9D-8C5A-E19F80E80260}.Release|Any CPU.ActiveCfg = Release|Any CPU
		{A91A821A-0BDE-4D9D-8C5A-E19F80E80260}.Release|Any CPU.Build.0 = Release|Any CPU
		{A14A06CB-D326-450C-AF55-65F4100EBC6C}.Debug|Any CPU.ActiveCfg = Debug|Any CPU
		{A14A06CB-D326-450C-AF55-65F4100EBC6C}.Debug|Any CPU.Build.0 = Debug|Any CPU
		{A14A06CB-D326-450C-AF55-65F4100EBC6C}.Release|Any CPU.ActiveCfg = Release|Any CPU
		{A14A06CB-D326-450C-AF55-65F4100EBC6C}.Release|Any CPU.Build.0 = Release|Any CPU
		{35474B8C-9A10-489E-B995-00A8E2952A53}.Debug|Any CPU.ActiveCfg = Debug|Any CPU
		{35474B8C-9A10-489E-B995-00A8E2952A53}.Debug|Any CPU.Build.0 = Debug|Any CPU
		{35474B8C-9A10-489E-B995-00A8E2952A53}.Release|Any CPU.ActiveCfg = Release|Any CPU
		{35474B8C-9A10-489E-B995-00A8E2952A53}.Release|Any CPU.Build.0 = Release|Any CPU
		{061AE098-0C6B-48AD-BFED-DFD28BE4EB54}.Debug|Any CPU.ActiveCfg = Debug|Any CPU
		{061AE098-0C6B-48AD-BFED-DFD28BE4EB54}.Debug|Any CPU.Build.0 = Debug|Any CPU
		{061AE098-0C6B-48AD-BFED-DFD28BE4EB54}.Release|Any CPU.ActiveCfg = Release|Any CPU
		{061AE098-0C6B-48AD-BFED-DFD28BE4EB54}.Release|Any CPU.Build.0 = Release|Any CPU
		{11FA0EAE-2CD5-45A3-B9FC-C318D5403C81}.Debug|Any CPU.ActiveCfg = Debug|Any CPU
		{11FA0EAE-2CD5-45A3-B9FC-C318D5403C81}.Debug|Any CPU.Build.0 = Debug|Any CPU
		{11FA0EAE-2CD5-45A3-B9FC-C318D5403C81}.Release|Any CPU.ActiveCfg = Release|Any CPU
		{11FA0EAE-2CD5-45A3-B9FC-C318D5403C81}.Release|Any CPU.Build.0 = Release|Any CPU
	EndGlobalSection
	GlobalSection(SolutionProperties) = preSolution
		HideSolutionNode = FALSE
	EndGlobalSection
EndGlobal
